#MicroXplorer Configuration settings - do not modify
ADC1.Channel-0\#ChannelRegularConversion=ADC_CHANNEL_6
ADC1.Channel-3\#ChannelRegularConversion=ADC_CHANNEL_7
ADC1.ContinuousConvMode=DISABLE
ADC1.ExternalTrigConv=ADC_EXTERNALTRIGCONV_T3_TRGO
ADC1.IPParameters=Rank-0\#ChannelRegularConversion,Channel-0\#ChannelRegularConversion,SamplingTime-0\#ChannelRegularConversion,NbrOfConversionFlag,ContinuousConvMode,NbrOfConversion,master,Rank-3\#ChannelRegularConversion,Channel-3\#ChannelRegularConversion,SamplingTime-3\#ChannelRegularConversion,ExternalTrigConv
ADC1.NbrOfConversion=2
ADC1.NbrOfConversionFlag=1
ADC1.Rank-0\#ChannelRegularConversion=1
ADC1.Rank-3\#ChannelRegularConversion=2
ADC1.SamplingTime-0\#ChannelRegularConversion=ADC_SAMPLETIME_71CYCLES_5
ADC1.SamplingTime-3\#ChannelRegularConversion=ADC_SAMPLETIME_71CYCLES_5
ADC1.master=1
CAD.formats=
CAD.pinconfig=
CAD.provider=
DAC.DAC_Trigger=DAC_TRIGGER_T2_TRGO
DAC.DAC_Trigger2=DAC_TRIGGER_T2_TRGO
DAC.IPParameters=DAC_Trigger,DAC_Trigger2
Dma.ADC1.2.Direction=DMA_PERIPH_TO_MEMORY
Dma.ADC1.2.Instance=DMA1_Channel1
Dma.ADC1.2.MemDataAlignment=DMA_MDATAALIGN_HALFWORD
Dma.ADC1.2.MemInc=DMA_MINC_ENABLE
Dma.ADC1.2.Mode=DMA_CIRCULAR
Dma.ADC1.2.PeriphDataAlignment=DMA_PDATAALIGN_HALFWORD
Dma.ADC1.2.PeriphInc=DMA_PINC_DISABLE
Dma.ADC1.2.Priority=DMA_PRIORITY_LOW
Dma.ADC1.2.RequestParameters=Instance,Direction,PeriphInc,MemInc,PeriphDataAlignment,MemDataAlignment,Mode,Priority
Dma.DAC_CH1.0.Direction=DMA_MEMORY_TO_PERIPH
Dma.DAC_CH1.0.Instance=DMA2_Channel3
Dma.DAC_CH1.0.MemDataAlignment=DMA_MDATAALIGN_HALFWORD
Dma.DAC_CH1.0.MemInc=DMA_MINC_ENABLE
Dma.DAC_CH1.0.Mode=DMA_CIRCULAR
Dma.DAC_CH1.0.PeriphDataAlignment=DMA_PDATAALIGN_HALFWORD
Dma.DAC_CH1.0.PeriphInc=DMA_PINC_DISABLE
Dma.DAC_CH1.0.Priority=DMA_PRIORITY_LOW
Dma.DAC_CH1.0.RequestParameters=Instance,Direction,PeriphInc,MemInc,PeriphDataAlignment,MemDataAlignment,Mode,Priority
Dma.DAC_CH2.1.Direction=DMA_MEMORY_TO_PERIPH
Dma.DAC_CH2.1.Instance=DMA2_Channel4
Dma.DAC_CH2.1.MemDataAlignment=DMA_MDATAALIGN_HALFWORD
Dma.DAC_CH2.1.MemInc=DMA_MINC_ENABLE
Dma.DAC_CH2.1.Mode=DMA_CIRCULAR
Dma.DAC_CH2.1.PeriphDataAlignment=DMA_PDATAALIGN_HALFWORD
Dma.DAC_CH2.1.PeriphInc=DMA_PINC_DISABLE
Dma.DAC_CH2.1.Priority=DMA_PRIORITY_LOW
Dma.DAC_CH2.1.RequestParameters=Instance,Direction,PeriphInc,MemInc,PeriphDataAlignment,MemDataAlignment,Mode,Priority
Dma.Request0=DAC_CH1
Dma.Request1=DAC_CH2
Dma.Request2=ADC1
Dma.Request3=TIM4_CH2
Dma.Request4=TIM4_CH3
Dma.Request5=TIM1_CH2
Dma.RequestsNb=6
Dma.TIM1_CH2.5.Direction=DMA_MEMORY_TO_PERIPH
Dma.TIM1_CH2.5.Instance=DMA1_Channel3
Dma.TIM1_CH2.5.MemDataAlignment=DMA_MDATAALIGN_HALFWORD
Dma.TIM1_CH2.5.MemInc=DMA_MINC_ENABLE
Dma.TIM1_CH2.5.Mode=DMA_NORMAL
Dma.TIM1_CH2.5.PeriphDataAlignment=DMA_PDATAALIGN_HALFWORD
Dma.TIM1_CH2.5.PeriphInc=DMA_PINC_DISABLE
Dma.TIM1_CH2.5.Priority=DMA_PRIORITY_LOW
Dma.TIM1_CH2.5.RequestParameters=Instance,Direction,PeriphInc,MemInc,PeriphDataAlignment,MemDataAlignment,Mode,Priority
Dma.TIM4_CH2.3.Direction=DMA_PERIPH_TO_MEMORY
Dma.TIM4_CH2.3.Instance=DMA1_Channel4
Dma.TIM4_CH2.3.MemDataAlignment=DMA_MDATAALIGN_HALFWORD
Dma.TIM4_CH2.3.MemInc=DMA_MINC_ENABLE
Dma.TIM4_CH2.3.Mode=DMA_CIRCULAR
Dma.TIM4_CH2.3.PeriphDataAlignment=DMA_PDATAALIGN_HALFWORD
Dma.TIM4_CH2.3.PeriphInc=DMA_PINC_DISABLE
Dma.TIM4_CH2.3.Priority=DMA_PRIORITY_LOW
Dma.TIM4_CH2.3.RequestParameters=Instance,Direction,PeriphInc,MemInc,PeriphDataAlignment,MemDataAlignment,Mode,Priority
Dma.TIM4_CH3.4.Direction=DMA_PERIPH_TO_MEMORY
Dma.TIM4_CH3.4.Instance=DMA1_Channel5
Dma.TIM4_CH3.4.MemDataAlignment=DMA_MDATAALIGN_HALFWORD
Dma.TIM4_CH3.4.MemInc=DMA_MINC_ENABLE
Dma.TIM4_CH3.4.Mode=DMA_NORMAL
Dma.TIM4_CH3.4.PeriphDataAlignment=DMA_PDATAALIGN_HALFWORD
Dma.TIM4_CH3.4.PeriphInc=DMA_PINC_DISABLE
Dma.TIM4_CH3.4.Priority=DMA_PRIORITY_LOW
Dma.TIM4_CH3.4.RequestParameters=Instance,Direction,PeriphInc,MemInc,PeriphDataAlignment,MemDataAlignment,Mode,Priority
File.Version=6
GPIO.groupedBy=Group By Peripherals
IWDG.IPParameters=Prescaler,Reload
IWDG.Prescaler=IWDG_PRESCALER_64
IWDG.Reload=1250
KeepUserPlacement=false
Mcu.CPN=STM32F103ZET6
Mcu.Family=STM32F1
Mcu.IP0=ADC1
Mcu.IP1=CRC
Mcu.IP10=SYS
Mcu.IP11=TIM1
Mcu.IP12=TIM2
Mcu.IP13=TIM3
Mcu.IP14=TIM4
Mcu.IP15=TIM5
Mcu.IP16=USART2
Mcu.IP17=USB
Mcu.IP18=USB_DEVICE
Mcu.IP2=DAC
Mcu.IP3=DMA
Mcu.IP4=I2C1
Mcu.IP5=IWDG
Mcu.IP6=NVIC
Mcu.IP7=RCC
Mcu.IP8=RTC
Mcu.IP9=SPI2
Mcu.IPNb=19
Mcu.Name=STM32F103Z(C-D-E)Tx
Mcu.Package=LQFP144
Mcu.Pin0=PE3
Mcu.Pin1=PE4
Mcu.Pin10=PA5
Mcu.Pin11=PA6
Mcu.Pin12=PA7
Mcu.Pin13=PE8
Mcu.Pin14=PE9
Mcu.Pin15=PE11
Mcu.Pin16=PB12
Mcu.Pin17=PB13
Mcu.Pin18=PB14
Mcu.Pin19=PB15
Mcu.Pin2=PE5
Mcu.Pin20=PD13
Mcu.Pin21=PD14
Mcu.Pin22=PA11
Mcu.Pin23=PA12
Mcu.Pin24=PA13
Mcu.Pin25=PA14
Mcu.Pin26=PA15
Mcu.Pin27=PD5
Mcu.Pin28=PD6
Mcu.Pin29=PB3
Mcu.Pin3=PC14-OSC32_IN
Mcu.Pin30=PB5
Mcu.Pin31=PB6
Mcu.Pin32=PB7
Mcu.Pin33=VP_CRC_VS_CRC
Mcu.Pin34=VP_IWDG_VS_IWDG
Mcu.Pin35=VP_RTC_VS_RTC_Activate
Mcu.Pin36=VP_RTC_VS_RTC_Calendar
Mcu.Pin37=VP_RTC_No_RTC_Output
Mcu.Pin38=VP_SYS_VS_Systick
Mcu.Pin39=VP_TIM1_VS_ClockSourceINT
Mcu.Pin4=PC15-OSC32_OUT
Mcu.Pin40=VP_TIM2_VS_ClockSourceINT
Mcu.Pin41=VP_TIM3_VS_ClockSourceINT
Mcu.Pin42=VP_TIM4_VS_ClockSourceINT
Mcu.Pin43=VP_TIM5_VS_ClockSourceINT
Mcu.Pin44=VP_USB_DEVICE_VS_USB_DEVICE_CDC_FS
Mcu.Pin5=OSC_IN
Mcu.Pin6=OSC_OUT
Mcu.Pin7=PA0-WKUP
Mcu.Pin8=PA2
Mcu.Pin9=PA4
Mcu.PinsNb=45
Mcu.ThirdPartyNb=0
Mcu.UserConstants=
Mcu.UserName=STM32F103ZETx
MxCube.Version=6.12.0
MxDb.Version=DB.6.0.120
NVIC.BusFault_IRQn=true\:0\:0\:false\:false\:true\:false\:false\:false
NVIC.DMA1_Channel1_IRQn=true\:0\:0\:false\:false\:true\:false\:true\:true
NVIC.DMA1_Channel3_IRQn=true\:0\:0\:false\:false\:true\:false\:true\:true
NVIC.DMA1_Channel4_IRQn=true\:0\:0\:false\:false\:true\:false\:true\:true
NVIC.DMA1_Channel5_IRQn=true\:0\:0\:false\:false\:true\:false\:true\:true
NVIC.DMA2_Channel3_IRQn=true\:0\:0\:false\:false\:true\:false\:true\:true
NVIC.DMA2_Channel4_5_IRQn=true\:0\:0\:false\:false\:true\:false\:true\:true
NVIC.DebugMonitor_IRQn=true\:0\:0\:false\:false\:true\:false\:false\:false
NVIC.EXTI4_IRQn=true\:4\:0\:true\:false\:true\:true\:true\:true
NVIC.ForceEnableDMAVector=true
NVIC.HardFault_IRQn=true\:0\:0\:false\:false\:true\:false\:false\:false
NVIC.MemoryManagement_IRQn=true\:0\:0\:false\:false\:true\:false\:false\:false
NVIC.NonMaskableInt_IRQn=true\:0\:0\:false\:false\:true\:false\:false\:false
NVIC.PendSV_IRQn=true\:1\:0\:true\:false\:true\:false\:false\:false
NVIC.PriorityGroup=NVIC_PRIORITYGROUP_4
NVIC.RCC_IRQn=true\:0\:0\:false\:false\:true\:true\:false\:true
NVIC.RTC_IRQn=true\:0\:0\:false\:false\:true\:true\:true\:true
NVIC.SVCall_IRQn=true\:0\:0\:false\:false\:true\:false\:false\:false
NVIC.SysTick_IRQn=true\:0\:0\:true\:false\:true\:false\:true\:false
NVIC.TIM1_UP_IRQn=true\:0\:0\:false\:false\:true\:true\:true\:true
NVIC.TIM4_IRQn=true\:0\:0\:false\:false\:true\:true\:true\:true
NVIC.TIM5_IRQn=true\:0\:0\:false\:false\:true\:true\:true\:true
NVIC.USART2_IRQn=true\:0\:0\:false\:false\:true\:true\:true\:true
NVIC.USB_LP_CAN1_RX0_IRQn=true\:0\:0\:false\:false\:true\:false\:true\:true
NVIC.UsageFault_IRQn=true\:0\:0\:false\:false\:true\:false\:false\:false
OSC_IN.Mode=HSE-External-Oscillator
OSC_IN.Signal=RCC_OSC_IN
OSC_OUT.Mode=HSE-External-Oscillator
OSC_OUT.Signal=RCC_OSC_OUT
PA0-WKUP.GPIOParameters=GPIO_PuPd,GPIO_Label
PA0-WKUP.GPIO_Label=key1
PA0-WKUP.GPIO_PuPd=GPIO_PULLDOWN
PA0-WKUP.Locked=true
PA0-WKUP.Signal=GPIO_Input
PA11.Mode=Device
PA11.Signal=USB_DM
PA12.Mode=Device
PA12.Signal=USB_DP
PA13.Mode=JTAG_4_pins
PA13.Signal=SYS_JTMS-SWDIO
PA14.Mode=JTAG_4_pins
PA14.Signal=SYS_JTCK-SWCLK
PA15.Mode=JTAG_4_pins
PA15.Signal=SYS_JTDI
PA2.Signal=S_TIM5_CH3
PA4.Signal=COMP_DAC1_group
PA5.Signal=COMP_DAC2_group
PA6.Signal=ADCx_IN6
PA7.Locked=true
PA7.Signal=ADCx_IN7
PB12.GPIOParameters=GPIO_Label
PB12.GPIO_Label=FLASH_CS
PB12.Locked=true
PB12.Signal=GPIO_Output
PB13.Mode=Full_Duplex_Master
PB13.Signal=SPI2_SCK
PB14.Mode=Full_Duplex_Master
PB14.Signal=SPI2_MISO
PB15.Mode=Full_Duplex_Master
PB15.Signal=SPI2_MOSI
PB3.Mode=JTAG_4_pins
PB3.Signal=SYS_JTDO-TRACESWO
PB5.GPIOParameters=PinState,GPIO_PuPd,GPIO_Label
PB5.GPIO_Label=led1
PB5.GPIO_PuPd=GPIO_PULLUP
PB5.Locked=true
PB5.PinState=GPIO_PIN_SET
PB5.Signal=GPIO_Output
PB6.Mode=I2C
PB6.Signal=I2C1_SCL
PB7.Mode=I2C
PB7.Signal=I2C1_SDA
PC14-OSC32_IN.Mode=LSE-External-Oscillator
PC14-OSC32_IN.Signal=RCC_OSC32_IN
PC15-OSC32_OUT.Mode=LSE-External-Oscillator
PC15-OSC32_OUT.Signal=RCC_OSC32_OUT
PD13.GPIOParameters=GPIO_Mode
PD13.GPIO_Mode=GPIO_MODE_INPUT
PD13.Signal=S_TIM4_CH2
PD14.Signal=S_TIM4_CH3
PD5.Mode=Asynchronous
PD5.Signal=USART2_TX
PD6.Mode=Asynchronous
PD6.Signal=USART2_RX
PE11.Signal=S_TIM1_CH2
PE3.GPIOParameters=GPIO_Label,GPIO_ModeDefaultEXTI
PE3.GPIO_Label=key3_exit
PE3.GPIO_ModeDefaultEXTI=GPIO_MODE_EVT_RISING_FALLING
PE3.Locked=true
PE3.Signal=GPXTI3
PE4.GPIOParameters=GPIO_Label,GPIO_ModeDefaultEXTI
PE4.GPIO_Label=key2_exit
PE4.GPIO_ModeDefaultEXTI=GPIO_MODE_IT_RISING
PE4.Locked=true
PE4.Signal=GPXTI4
PE5.GPIOParameters=GPIO_Label
PE5.GPIO_Label=led2
PE5.Locked=true
PE5.Signal=GPIO_Output
PE8.Mode=PWM Generation1 CH1 CH1N
PE8.Signal=TIM1_CH1N
PE9.Signal=S_TIM1_CH1
PinOutPanel.RotationAngle=0
ProjectManager.AskForMigrate=true
ProjectManager.BackupPrevious=false
ProjectManager.CompilerOptimize=6
ProjectManager.ComputerToolchain=false
ProjectManager.CoupleFile=true
ProjectManager.CustomerFirmwarePackage=
ProjectManager.DefaultFWLocation=true
ProjectManager.DeletePrevious=true
ProjectManager.DeviceId=STM32F103ZETx
ProjectManager.FirmwarePackage=STM32Cube FW_F1 V1.8.5
ProjectManager.FreePins=false
ProjectManager.HalAssertFull=false
ProjectManager.HeapSize=0x200
ProjectManager.KeepUserCode=true
ProjectManager.LastFirmware=false
ProjectManager.LibraryCopy=1
ProjectManager.MainLocation=Core/Src
ProjectManager.NoMain=false
ProjectManager.PreviousToolchain=STM32CubeIDE
ProjectManager.ProjectBuild=false
ProjectManager.ProjectFileName=template.ioc
ProjectManager.ProjectName=template
ProjectManager.ProjectStructure=
ProjectManager.RegisterCallBack=
ProjectManager.StackSize=0x400
ProjectManager.TargetToolchain=CMake
ProjectManager.ToolChainLocation=
ProjectManager.UAScriptAfterPath=
ProjectManager.UAScriptBeforePath=
ProjectManager.UnderRoot=false
ProjectManager.functionlistsort=1-SystemClock_Config-RCC-false-HAL-true,2-MX_GPIO_Init-GPIO-false-HAL-true,3-MX_DMA_Init-DMA-false-HAL-true,4-MX_USART2_UART_Init-USART2-false-HAL-true,5-MX_USB_DEVICE_Init-USB_DEVICE-false-HAL-false,6-MX_I2C1_Init-I2C1-false-HAL-true,7-MX_CRC_Init-CRC-false-HAL-true,8-MX_SPI2_Init-SPI2-false-HAL-true,9-MX_RTC_Init-RTC-false-HAL-true,10-MX_DAC_Init-DAC-false-HAL-true,11-MX_TIM2_Init-TIM2-false-HAL-true,12-MX_TIM4_Init-TIM4-false-HAL-true,13-MX_ADC1_Init-ADC1-false-HAL-true,14-MX_TIM3_Init-TIM3-false-HAL-true,15-MX_TIM1_Init-TIM1-false-HAL-true,16-MX_IWDG_Init-IWDG-false-HAL-true,17-MX_TIM5_Init-TIM5-false-HAL-true
RCC.ADCFreqValue=12000000
RCC.ADCPresc=RCC_ADCPCLK2_DIV6
RCC.AHBFreq_Value=72000000
RCC.APB1CLKDivider=RCC_HCLK_DIV2
RCC.APB1Freq_Value=36000000
RCC.APB1TimFreq_Value=72000000
RCC.APB2Freq_Value=72000000
RCC.APB2TimFreq_Value=72000000
RCC.FCLKCortexFreq_Value=72000000
RCC.FSMCFreq_Value=72000000
RCC.FamilyName=M
RCC.HCLKFreq_Value=72000000
RCC.I2S2Freq_Value=72000000
RCC.I2S3Freq_Value=72000000
RCC.IPParameters=ADCFreqValue,ADCPresc,AHBFreq_Value,APB1CLKDivider,APB1Freq_Value,APB1TimFreq_Value,APB2Freq_Value,APB2TimFreq_Value,FCLKCortexFreq_Value,FSMCFreq_Value,FamilyName,HCLKFreq_Value,I2S2Freq_Value,I2S3Freq_Value,MCOFreq_Value,PLLCLKFreq_Value,PLLMCOFreq_Value,PLLMUL,PLLSourceVirtual,RTCClockSelection,RTCFreq_Value,SDIOFreq_Value,SDIOHCLKDiv2FreqValue,SYSCLKFreq_VALUE,SYSCLKSource,TimSysFreq_Value,USBFreq_Value,USBPrescaler,VCOOutput2Freq_Value
RCC.MCOFreq_Value=72000000
RCC.PLLCLKFreq_Value=72000000
RCC.PLLMCOFreq_Value=36000000
RCC.PLLMUL=RCC_PLL_MUL9
RCC.PLLSourceVirtual=RCC_PLLSOURCE_HSE
RCC.RTCClockSelection=RCC_RTCCLKSOURCE_LSE
RCC.RTCFreq_Value=32768
RCC.SDIOFreq_Value=72000000
RCC.SDIOHCLKDiv2FreqValue=36000000
RCC.SYSCLKFreq_VALUE=72000000
RCC.SYSCLKSource=RCC_SYSCLKSOURCE_PLLCLK
RCC.TimSysFreq_Value=72000000
RCC.USBFreq_Value=48000000
RCC.USBPrescaler=RCC_USBCLKSOURCE_PLL_DIV1_5
RCC.VCOOutput2Freq_Value=8000000
RTC.Date=16
RTC.Hours=22
RTC.IPParameters=Year,Month,Date,WeekDay,Hours,Minutes
RTC.Minutes=10
RTC.Month=RTC_MONTH_AUGUST
RTC.WeekDay=RTC_WEEKDAY_FRIDAY
RTC.Year=24
SH.ADCx_IN6.0=ADC1_IN6,IN6
SH.ADCx_IN6.ConfNb=1
SH.ADCx_IN7.0=ADC1_IN7,IN7
SH.ADCx_IN7.ConfNb=1
SH.COMP_DAC1_group.0=DAC_OUT1,DAC_OUT1
SH.COMP_DAC1_group.ConfNb=1
SH.COMP_DAC2_group.0=DAC_OUT2,DAC_OUT2
SH.COMP_DAC2_group.ConfNb=1
SH.GPXTI3.0=GPIO_EXTI3
SH.GPXTI3.ConfNb=1
SH.GPXTI4.0=GPIO_EXTI4
SH.GPXTI4.ConfNb=1
SH.S_TIM1_CH1.0=TIM1_CH1,PWM Generation1 CH1 CH1N
SH.S_TIM1_CH1.ConfNb=1
SH.S_TIM1_CH2.0=TIM1_CH2,PWM Generation2 CH2
SH.S_TIM1_CH2.ConfNb=1
SH.S_TIM4_CH2.0=TIM4_CH2,Input_Capture2_from_TI2
SH.S_TIM4_CH2.ConfNb=1
SH.S_TIM4_CH3.0=TIM4_CH3,Input_Capture3_from_TI3
SH.S_TIM4_CH3.ConfNb=1
SH.S_TIM5_CH3.0=TIM5_CH3,PWM Generation3 CH3
SH.S_TIM5_CH3.ConfNb=1
SPI2.CalculateBaudRate=18.0 MBits/s
SPI2.Direction=SPI_DIRECTION_2LINES
SPI2.IPParameters=VirtualType,Mode,Direction,CalculateBaudRate
SPI2.Mode=SPI_MODE_MASTER
SPI2.VirtualType=VM_MASTER
TIM1.AutoReloadPreload=TIM_AUTORELOAD_PRELOAD_ENABLE
TIM1.AutomaticOutput=TIM_AUTOMATICOUTPUT_ENABLE
TIM1.BreakPolarity=TIM_BREAKPOLARITY_LOW
TIM1.BreakState=TIM_BREAK_ENABLE
TIM1.Channel-PWM\ Generation1\ CH1\ CH1N=TIM_CHANNEL_1
TIM1.Channel-PWM\ Generation2\ CH2=TIM_CHANNEL_2
TIM1.DeadTime=0xac
TIM1.IPParameters=AutoReloadPreload,Prescaler,BreakPolarity,AutomaticOutput,OffStateRunMode,OffStateIDLEMode,LockLevel,OCIdleState_1,Period,OC1Preload_PWM,BreakState,Channel-PWM Generation1 CH1 CH1N,Pulse-PWM Generation1 CH1 CH1N,DeadTime,RepetitionCounter,Channel-PWM Generation2 CH2
TIM1.LockLevel=TIM_LOCKLEVEL_OFF
TIM1.OC1Preload_PWM=ENABLE
TIM1.OCIdleState_1=TIM_OCIDLESTATE_RESET
TIM1.OffStateIDLEMode=TIM_OSSI_ENABLE
TIM1.OffStateRunMode=TIM_OSSR_ENABLE
TIM1.Period=999
TIM1.Prescaler=71
TIM1.Pulse-PWM\ Generation1\ CH1\ CH1N=0
TIM1.RepetitionCounter=0
TIM2.IPParameters=Period,TIM_MasterOutputTrigger
TIM2.Period=65535
TIM2.TIM_MasterOutputTrigger=TIM_TRGO_UPDATE
TIM3.AutoReloadPreload=TIM_AUTORELOAD_PRELOAD_ENABLE
TIM3.IPParameters=TIM_MasterOutputTrigger,AutoReloadPreload,Prescaler,Period
TIM3.Period=999
TIM3.Prescaler=99
TIM3.TIM_MasterOutputTrigger=TIM_TRGO_UPDATE
TIM4.AutoReloadPreload=TIM_AUTORELOAD_PRELOAD_ENABLE
TIM4.Channel-Input_Capture2_from_TI2=TIM_CHANNEL_2
TIM4.Channel-Input_Capture3_from_TI3=TIM_CHANNEL_3
TIM4.ICFilter_CH2=8
TIM4.ICFilter_CH3=8
TIM4.ICPolarity_CH3=TIM_INPUTCHANNELPOLARITY_FALLING
TIM4.IPParameters=AutoReloadPreload,TIM_MasterOutputTrigger,Channel-Input_Capture2_from_TI2,ICFilter_CH2,Prescaler,Period,Channel-Input_Capture3_from_TI3,ICFilter_CH3,ICPolarity_CH3
TIM4.Period=65535
TIM4.Prescaler=72-1
TIM4.TIM_MasterOutputTrigger=TIM_TRGO_UPDATE
TIM5.Channel-PWM\ Generation3\ CH3=TIM_CHANNEL_3
TIM5.IPParameters=Channel-PWM Generation3 CH3,Prescaler,Period
TIM5.Period=65535
TIM5.Prescaler=71
USART2.IPParameters=VirtualMode
USART2.VirtualMode=VM_ASYNC
USB_DEVICE.CLASS_NAME_FS=CDC
USB_DEVICE.IPParameters=VirtualMode,VirtualModeFS,CLASS_NAME_FS
USB_DEVICE.VirtualMode=Cdc
USB_DEVICE.VirtualModeFS=Cdc_FS
VP_CRC_VS_CRC.Mode=CRC_Activate
VP_CRC_VS_CRC.Signal=CRC_VS_CRC
VP_IWDG_VS_IWDG.Mode=IWDG_Activate
VP_IWDG_VS_IWDG.Signal=IWDG_VS_IWDG
VP_RTC_No_RTC_Output.Mode=RTC_OUT_NO
VP_RTC_No_RTC_Output.Signal=RTC_No_RTC_Output
VP_RTC_VS_RTC_Activate.Mode=RTC_Enabled
VP_RTC_VS_RTC_Activate.Signal=RTC_VS_RTC_Activate
VP_RTC_VS_RTC_Calendar.Mode=RTC_Calendar
VP_RTC_VS_RTC_Calendar.Signal=RTC_VS_RTC_Calendar
VP_SYS_VS_Systick.Mode=SysTick
VP_SYS_VS_Systick.Signal=SYS_VS_Systick
VP_TIM1_VS_ClockSourceINT.Mode=Internal
VP_TIM1_VS_ClockSourceINT.Signal=TIM1_VS_ClockSourceINT
VP_TIM2_VS_ClockSourceINT.Mode=Internal
VP_TIM2_VS_ClockSourceINT.Signal=TIM2_VS_ClockSourceINT
VP_TIM3_VS_ClockSourceINT.Mode=Internal
VP_TIM3_VS_ClockSourceINT.Signal=TIM3_VS_ClockSourceINT
VP_TIM4_VS_ClockSourceINT.Mode=Internal
VP_TIM4_VS_ClockSourceINT.Signal=TIM4_VS_ClockSourceINT
VP_TIM5_VS_ClockSourceINT.Mode=Internal
VP_TIM5_VS_ClockSourceINT.Signal=TIM5_VS_ClockSourceINT
VP_USB_DEVICE_VS_USB_DEVICE_CDC_FS.Mode=CDC_FS
VP_USB_DEVICE_VS_USB_DEVICE_CDC_FS.Signal=USB_DEVICE_VS_USB_DEVICE_CDC_FS
board=custom
